// !$*UTF8*$!
{
	archiveVersion = 1;
	classes = {
	};
	objectVersion = 46;
	objects = {

/* Begin PBXBuildFile section */
		74308738DAC8DED7C088E632 /* MSACoreGL.cpp in Sources */ = {isa = PBXBuildFile; fileRef = 36618DD396B84714567F8E67 /* MSACoreGL.cpp */; };
		D2D4F5652097391B00DC7CB8 /* particule.cpp in Sources */ = {isa = PBXBuildFile; fileRef = D2D4F5632097391B00DC7CB8 /* particule.cpp */; };
		E4328149138ABC9F0047C5CB /* openFrameworksDebug.a in Frameworks */ = {isa = PBXBuildFile; fileRef = E4328148138ABC890047C5CB /* openFrameworksDebug.a */; };
		E4B69E200A3A1BDC003C02F2 /* main.cpp in Sources */ = {isa = PBXBuildFile; fileRef = E4B69E1D0A3A1BDC003C02F2 /* main.cpp */; };
		E4B69E210A3A1BDC003C02F2 /* ofApp.cpp in Sources */ = {isa = PBXBuildFile; fileRef = E4B69E1E0A3A1BDC003C02F2 /* ofApp.cpp */; };
/* End PBXBuildFile section */

/* Begin PBXContainerItemProxy section */
		E4328147138ABC890047C5CB /* PBXContainerItemProxy */ = {
			isa = PBXContainerItemProxy;
			containerPortal = E4328143138ABC890047C5CB /* openFrameworksLib.xcodeproj */;
			proxyType = 2;
			remoteGlobalIDString = E4B27C1510CBEB8E00536013;
			remoteInfo = openFrameworks;
		};
		E4EEB9AB138B136A00A80321 /* PBXContainerItemProxy */ = {
			isa = PBXContainerItemProxy;
			containerPortal = E4328143138ABC890047C5CB /* openFrameworksLib.xcodeproj */;
			proxyType = 1;
			remoteGlobalIDString = E4B27C1410CBEB8E00536013;
			remoteInfo = openFrameworks;
		};
/* End PBXContainerItemProxy section */

/* Begin PBXCopyFilesBuildPhase section */
		E4C2427710CC5ABF004149E2 /* CopyFiles */ = {
			isa = PBXCopyFilesBuildPhase;
			buildActionMask = 2147483647;
			dstPath = "";
			dstSubfolderSpec = 10;
			files = (
			);
			runOnlyForDeploymentPostprocessing = 0;
		};
/* End PBXCopyFilesBuildPhase section */

/* Begin PBXFileReference section */
		02E170866819A307C5D55AE0 /* MSAPhysicsSpring.h */ = {isa = PBXFileReference; explicitFileType = sourcecode.c.h; fileEncoding = 30; name = MSAPhysicsSpring.h; path = "../../../addons/ofxMSAPhysics-master/src/MSAPhysicsSpring.h"; sourceTree = SOURCE_ROOT; };
		07C1F4A14D9704A41D46D6AE /* MSAPhysicsWorld.h */ = {isa = PBXFileReference; explicitFileType = sourcecode.c.h; fileEncoding = 30; name = MSAPhysicsWorld.h; path = "../../../addons/ofxMSAPhysics-master/src/MSAPhysicsWorld.h"; sourceTree = SOURCE_ROOT; };
		1261AF0A746513F55F6C5CC2 /* MSAPhysics2D.h */ = {isa = PBXFileReference; explicitFileType = sourcecode.c.h; fileEncoding = 30; name = MSAPhysics2D.h; path = "../../../addons/ofxMSAPhysics-master/src/MSAPhysics2D.h"; sourceTree = SOURCE_ROOT; };
		1364A0A1FCECE5362145F803 /* MSACore-Cinder.h */ = {isa = PBXFileReference; explicitFileType = sourcecode.c.h; fileEncoding = 30; name = "MSACore-Cinder.h"; path = "../../../addons/ofxMSACore-master/src/MSACore-Cinder.h"; sourceTree = SOURCE_ROOT; };
		193BC2436477F5FA01AB5532 /* MSAPhysicsParticle.h */ = {isa = PBXFileReference; explicitFileType = sourcecode.c.h; fileEncoding = 30; name = MSAPhysicsParticle.h; path = "../../../addons/ofxMSAPhysics-master/src/MSAPhysicsParticle.h"; sourceTree = SOURCE_ROOT; };
		2327218A509216E7071ECF51 /* MSACoreGL.h */ = {isa = PBXFileReference; explicitFileType = sourcecode.c.h; fileEncoding = 30; name = MSACoreGL.h; path = "../../../addons/ofxMSACore-master/src/MSACoreGL.h"; sourceTree = SOURCE_ROOT; };
		24A87CB72DD1BD3BD9F319BF /* MSAPhysicsConstraint.h */ = {isa = PBXFileReference; explicitFileType = sourcecode.c.h; fileEncoding = 30; name = MSAPhysicsConstraint.h; path = "../../../addons/ofxMSAPhysics-master/src/MSAPhysicsConstraint.h"; sourceTree = SOURCE_ROOT; };
		36618DD396B84714567F8E67 /* MSACoreGL.cpp */ = {isa = PBXFileReference; explicitFileType = sourcecode.cpp.cpp; fileEncoding = 30; name = MSACoreGL.cpp; path = "../../../addons/ofxMSACore-master/src/MSACoreGL.cpp"; sourceTree = SOURCE_ROOT; };
		380F5BBA994DFC85DA0A2024 /* MSAPhysicsParticleDrawer.h */ = {isa = PBXFileReference; explicitFileType = sourcecode.c.h; fileEncoding = 30; name = MSAPhysicsParticleDrawer.h; path = "../../../addons/ofxMSAPhysics-master/src/obselete/MSAPhysicsParticleDrawer.h"; sourceTree = SOURCE_ROOT; };
		3DA47B6D714C8D59D8A98191 /* MSAPhysics3D.h */ = {isa = PBXFileReference; explicitFileType = sourcecode.c.h; fileEncoding = 30; name = MSAPhysics3D.h; path = "../../../addons/ofxMSAPhysics-master/src/MSAPhysics3D.h"; sourceTree = SOURCE_ROOT; };
		421AE6B12A471C803A69EB2B /* MSAPhysicsParticleUpdater.h */ = {isa = PBXFileReference; explicitFileType = sourcecode.c.h; fileEncoding = 30; name = MSAPhysicsParticleUpdater.h; path = "../../../addons/ofxMSAPhysics-master/src/obselete/MSAPhysicsParticleUpdater.h"; sourceTree = SOURCE_ROOT; };
		5ACAFA63AF2DC5A62E9B0E70 /* MSAPhysicsTypes.h */ = {isa = PBXFileReference; explicitFileType = sourcecode.c.h; fileEncoding = 30; name = MSAPhysicsTypes.h; path = "../../../addons/ofxMSAPhysics-master/src/MSAPhysicsTypes.h"; sourceTree = SOURCE_ROOT; };
		6AEC4C8643AAB38FBA166D75 /* MSACoreMath.h */ = {isa = PBXFileReference; explicitFileType = sourcecode.c.h; fileEncoding = 30; name = MSACoreMath.h; path = "../../../addons/ofxMSACore-master/src/MSACoreMath.h"; sourceTree = SOURCE_ROOT; };
		75BA0FB7AB5664A3D437DD6C /* MSAPhysicsDataRecorder.h */ = {isa = PBXFileReference; explicitFileType = sourcecode.c.h; fileEncoding = 30; name = MSAPhysicsDataRecorder.h; path = "../../../addons/ofxMSAPhysics-master/src/obselete/MSAPhysicsDataRecorder.h"; sourceTree = SOURCE_ROOT; };
		7776BD75E250D3BA1668B0FC /* MSAPhysicsCallbacks.h */ = {isa = PBXFileReference; explicitFileType = sourcecode.c.h; fileEncoding = 30; name = MSAPhysicsCallbacks.h; path = "../../../addons/ofxMSAPhysics-master/src/obselete/MSAPhysicsCallbacks.h"; sourceTree = SOURCE_ROOT; };
		97B55F6829F7BD9383904DC2 /* MSACoreCommon.h */ = {isa = PBXFileReference; explicitFileType = sourcecode.c.h; fileEncoding = 30; name = MSACoreCommon.h; path = "../../../addons/ofxMSACore-master/src/MSACoreCommon.h"; sourceTree = SOURCE_ROOT; };
		A85936CB81E8D69C32AFEC79 /* MSACore-OF.h */ = {isa = PBXFileReference; explicitFileType = sourcecode.c.h; fileEncoding = 30; name = "MSACore-OF.h"; path = "../../../addons/ofxMSACore-master/src/MSACore-OF.h"; sourceTree = SOURCE_ROOT; };
		D2D4F5632097391B00DC7CB8 /* particule.cpp */ = {isa = PBXFileReference; fileEncoding = 4; lastKnownFileType = sourcecode.cpp.cpp; path = particule.cpp; sourceTree = "<group>"; };
		D2D4F5662097393600DC7CB8 /* particule.h */ = {isa = PBXFileReference; fileEncoding = 4; lastKnownFileType = sourcecode.c.h; path = particule.h; sourceTree = "<group>"; };
		DB297983B1B185CB38B2F6AB /* MSAPhysics.h */ = {isa = PBXFileReference; explicitFileType = sourcecode.c.h; fileEncoding = 30; name = MSAPhysics.h; path = "../../../addons/ofxMSAPhysics-master/src/MSAPhysics.h"; sourceTree = SOURCE_ROOT; };
		E4328143138ABC890047C5CB /* openFrameworksLib.xcodeproj */ = {isa = PBXFileReference; lastKnownFileType = "wrapper.pb-project"; name = openFrameworksLib.xcodeproj; path = ../../../libs/openFrameworksCompiled/project/osx/openFrameworksLib.xcodeproj; sourceTree = SOURCE_ROOT; };
		E4B69B5B0A3A1756003C02F2 /* motusDebug.app */ = {isa = PBXFileReference; explicitFileType = wrapper.application; includeInIndex = 0; path = motusDebug.app; sourceTree = BUILT_PRODUCTS_DIR; };
		E4B69E1D0A3A1BDC003C02F2 /* main.cpp */ = {isa = PBXFileReference; fileEncoding = 30; lastKnownFileType = sourcecode.cpp.cpp; name = main.cpp; path = src/main.cpp; sourceTree = SOURCE_ROOT; };
		E4B69E1E0A3A1BDC003C02F2 /* ofApp.cpp */ = {isa = PBXFileReference; explicitFileType = sourcecode.cpp.cpp; fileEncoding = 30; name = ofApp.cpp; path = src/ofApp.cpp; sourceTree = SOURCE_ROOT; };
		E4B69E1F0A3A1BDC003C02F2 /* ofApp.h */ = {isa = PBXFileReference; fileEncoding = 30; lastKnownFileType = sourcecode.c.h; name = ofApp.h; path = src/ofApp.h; sourceTree = SOURCE_ROOT; };
		E4B6FCAD0C3E899E008CF71C /* openFrameworks-Info.plist */ = {isa = PBXFileReference; fileEncoding = 30; lastKnownFileType = text.plist.xml; path = "openFrameworks-Info.plist"; sourceTree = "<group>"; };
		E4EB691F138AFCF100A09F29 /* CoreOF.xcconfig */ = {isa = PBXFileReference; fileEncoding = 4; lastKnownFileType = text.xcconfig; name = CoreOF.xcconfig; path = ../../../libs/openFrameworksCompiled/project/osx/CoreOF.xcconfig; sourceTree = SOURCE_ROOT; };
		E4EB6923138AFD0F00A09F29 /* Project.xcconfig */ = {isa = PBXFileReference; fileEncoding = 4; lastKnownFileType = text.xcconfig; path = Project.xcconfig; sourceTree = "<group>"; };
		E70EA4693970E7C6F0A38A2E /* MSACore.h */ = {isa = PBXFileReference; explicitFileType = sourcecode.c.h; fileEncoding = 30; name = MSACore.h; path = "../../../addons/ofxMSACore-master/src/MSACore.h"; sourceTree = SOURCE_ROOT; };
		ECE8E14CFF5592D43484AE65 /* MSAPhysicsParams.h */ = {isa = PBXFileReference; explicitFileType = sourcecode.c.h; fileEncoding = 30; name = MSAPhysicsParams.h; path = "../../../addons/ofxMSAPhysics-master/src/MSAPhysicsParams.h"; sourceTree = SOURCE_ROOT; };
		F9DB6AD2AFA1B11732EC4A54 /* MSAPhysicsSector.h */ = {isa = PBXFileReference; explicitFileType = sourcecode.c.h; fileEncoding = 30; name = MSAPhysicsSector.h; path = "../../../addons/ofxMSAPhysics-master/src/MSAPhysicsSector.h"; sourceTree = SOURCE_ROOT; };
		FD471448C21DBDCB05A94218 /* MSAPhysicsAttraction.h */ = {isa = PBXFileReference; explicitFileType = sourcecode.c.h; fileEncoding = 30; name = MSAPhysicsAttraction.h; path = "../../../addons/ofxMSAPhysics-master/src/MSAPhysicsAttraction.h"; sourceTree = SOURCE_ROOT; };
/* End PBXFileReference section */

/* Begin PBXFrameworksBuildPhase section */
		E4B69B590A3A1756003C02F2 /* Frameworks */ = {
			isa = PBXFrameworksBuildPhase;
			buildActionMask = 2147483647;
			files = (
				E4328149138ABC9F0047C5CB /* openFrameworksDebug.a in Frameworks */,
			);
			runOnlyForDeploymentPostprocessing = 0;
		};
/* End PBXFrameworksBuildPhase section */

/* Begin PBXGroup section */
		003BE9AD959FC5FDA449E63B /* src */ = {
			isa = PBXGroup;
			children = (
				DB297983B1B185CB38B2F6AB /* MSAPhysics.h */,
				1261AF0A746513F55F6C5CC2 /* MSAPhysics2D.h */,
				3DA47B6D714C8D59D8A98191 /* MSAPhysics3D.h */,
				FD471448C21DBDCB05A94218 /* MSAPhysicsAttraction.h */,
				24A87CB72DD1BD3BD9F319BF /* MSAPhysicsConstraint.h */,
				ECE8E14CFF5592D43484AE65 /* MSAPhysicsParams.h */,
				193BC2436477F5FA01AB5532 /* MSAPhysicsParticle.h */,
				F9DB6AD2AFA1B11732EC4A54 /* MSAPhysicsSector.h */,
				02E170866819A307C5D55AE0 /* MSAPhysicsSpring.h */,
				5ACAFA63AF2DC5A62E9B0E70 /* MSAPhysicsTypes.h */,
				07C1F4A14D9704A41D46D6AE /* MSAPhysicsWorld.h */,
				E5A062E61030CCE95AFDF747 /* obselete */,
			);
			name = src;
			sourceTree = "<group>";
		};
		6948EE371B920CB800B5AC1A /* local_addons */ = {
			isa = PBXGroup;
			children = (
			);
			name = local_addons;
			sourceTree = "<group>";
		};
		A2D51AA86FE4B3AAC3DF4719 /* ofxMSAPhysics-master */ = {
			isa = PBXGroup;
			children = (
				003BE9AD959FC5FDA449E63B /* src */,
			);
			name = "ofxMSAPhysics-master";
			sourceTree = "<group>";
		};
		B4EE5D75C0BD33FCDB491457 /* ofxMSACore-master */ = {
			isa = PBXGroup;
			children = (
				EB8FEDDDAB8913C385426B52 /* src */,
			);
			name = "ofxMSACore-master";
			sourceTree = "<group>";
		};
		BB4B014C10F69532006C3DED /* addons */ = {
			isa = PBXGroup;
			children = (
				B4EE5D75C0BD33FCDB491457 /* ofxMSACore-master */,
				A2D51AA86FE4B3AAC3DF4719 /* ofxMSAPhysics-master */,
			);
			name = addons;
			sourceTree = "<group>";
		};
		E4328144138ABC890047C5CB /* Products */ = {
			isa = PBXGroup;
			children = (
				E4328148138ABC890047C5CB /* openFrameworksDebug.a */,
			);
			name = Products;
			sourceTree = "<group>";
		};
		E4B69B4A0A3A1720003C02F2 = {
			isa = PBXGroup;
			children = (
				E4B6FCAD0C3E899E008CF71C /* openFrameworks-Info.plist */,
				E4EB6923138AFD0F00A09F29 /* Project.xcconfig */,
				E4B69E1C0A3A1BDC003C02F2 /* src */,
				E4EEC9E9138DF44700A80321 /* openFrameworks */,
				BB4B014C10F69532006C3DED /* addons */,
				6948EE371B920CB800B5AC1A /* local_addons */,
				E4B69B5B0A3A1756003C02F2 /* motusDebug.app */,
			);
			sourceTree = "<group>";
		};
		E4B69E1C0A3A1BDC003C02F2 /* src */ = {
			isa = PBXGroup;
			children = (
				D2D4F5662097393600DC7CB8 /* particule.h */,
				E4B69E1D0A3A1BDC003C02F2 /* main.cpp */,
				E4B69E1E0A3A1BDC003C02F2 /* ofApp.cpp */,
				E4B69E1F0A3A1BDC003C02F2 /* ofApp.h */,
				D2D4F5632097391B00DC7CB8 /* particule.cpp */,
			);
			path = src;
			sourceTree = SOURCE_ROOT;
		};
		E4EEC9E9138DF44700A80321 /* openFrameworks */ = {
			isa = PBXGroup;
			children = (
				E4EB691F138AFCF100A09F29 /* CoreOF.xcconfig */,
				E4328143138ABC890047C5CB /* openFrameworksLib.xcodeproj */,
			);
			name = openFrameworks;
			sourceTree = "<group>";
		};
		E5A062E61030CCE95AFDF747 /* obselete */ = {
			isa = PBXGroup;
			children = (
				7776BD75E250D3BA1668B0FC /* MSAPhysicsCallbacks.h */,
				75BA0FB7AB5664A3D437DD6C /* MSAPhysicsDataRecorder.h */,
				380F5BBA994DFC85DA0A2024 /* MSAPhysicsParticleDrawer.h */,
				421AE6B12A471C803A69EB2B /* MSAPhysicsParticleUpdater.h */,
			);
			name = obselete;
			sourceTree = "<group>";
		};
		EB8FEDDDAB8913C385426B52 /* src */ = {
			isa = PBXGroup;
			children = (
				1364A0A1FCECE5362145F803 /* MSACore-Cinder.h */,
				A85936CB81E8D69C32AFEC79 /* MSACore-OF.h */,
				E70EA4693970E7C6F0A38A2E /* MSACore.h */,
				97B55F6829F7BD9383904DC2 /* MSACoreCommon.h */,
				36618DD396B84714567F8E67 /* MSACoreGL.cpp */,
				2327218A509216E7071ECF51 /* MSACoreGL.h */,
				6AEC4C8643AAB38FBA166D75 /* MSACoreMath.h */,
			);
			name = src;
			sourceTree = "<group>";
		};
/* End PBXGroup section */

/* Begin PBXNativeTarget section */
		E4B69B5A0A3A1756003C02F2 /* motus */ = {
			isa = PBXNativeTarget;
			buildConfigurationList = E4B69B5F0A3A1757003C02F2 /* Build configuration list for PBXNativeTarget "motus" */;
			buildPhases = (
				E4B69B580A3A1756003C02F2 /* Sources */,
				E4B69B590A3A1756003C02F2 /* Frameworks */,
				E4B6FFFD0C3F9AB9008CF71C /* ShellScript */,
				E4C2427710CC5ABF004149E2 /* CopyFiles */,
			);
			buildRules = (
			);
			dependencies = (
				E4EEB9AC138B136A00A80321 /* PBXTargetDependency */,
			);
			name = motus;
			productName = myOFApp;
			productReference = E4B69B5B0A3A1756003C02F2 /* motusDebug.app */;
			productType = "com.apple.product-type.application";
		};
/* End PBXNativeTarget section */

/* Begin PBXProject section */
		E4B69B4C0A3A1720003C02F2 /* Project object */ = {
			isa = PBXProject;
			attributes = {
				LastUpgradeCheck = 0600;
			};
			buildConfigurationList = E4B69B4D0A3A1720003C02F2 /* Build configuration list for PBXProject "motus" */;
			compatibilityVersion = "Xcode 3.2";
			developmentRegion = English;
			hasScannedForEncodings = 0;
			knownRegions = (
				English,
				Japanese,
				French,
				German,
			);
			mainGroup = E4B69B4A0A3A1720003C02F2;
			productRefGroup = E4B69B4A0A3A1720003C02F2;
			projectDirPath = "";
			projectReferences = (
				{
					ProductGroup = E4328144138ABC890047C5CB /* Products */;
					ProjectRef = E4328143138ABC890047C5CB /* openFrameworksLib.xcodeproj */;
				},
			);
			projectRoot = "";
			targets = (
				E4B69B5A0A3A1756003C02F2 /* motus */,
			);
		};
/* End PBXProject section */

/* Begin PBXReferenceProxy section */
		E4328148138ABC890047C5CB /* openFrameworksDebug.a */ = {
			isa = PBXReferenceProxy;
			fileType = archive.ar;
			path = openFrameworksDebug.a;
			remoteRef = E4328147138ABC890047C5CB /* PBXContainerItemProxy */;
			sourceTree = BUILT_PRODUCTS_DIR;
		};
/* End PBXReferenceProxy section */

/* Begin PBXShellScriptBuildPhase section */
		E4B6FFFD0C3F9AB9008CF71C /* ShellScript */ = {
			isa = PBXShellScriptBuildPhase;
			buildActionMask = 2147483647;
			files = (
			);
			inputPaths = (
			);
			outputPaths = (
			);
			runOnlyForDeploymentPostprocessing = 0;
			shellPath = /bin/sh;
			shellScript = "mkdir -p \"$TARGET_BUILD_DIR/$PRODUCT_NAME.app/Contents/Resources/\"\n# Copy default icon file into App/Resources\nrsync -aved \"$ICON_FILE\" \"$TARGET_BUILD_DIR/$PRODUCT_NAME.app/Contents/Resources/\"\n# Copy libfmod and change install directory for fmod to run\nrsync -aved ../../../libs/fmodex/lib/osx/libfmodex.dylib \"$TARGET_BUILD_DIR/$PRODUCT_NAME.app/Contents/Frameworks/\";\ninstall_name_tool -change @executable_path/libfmodex.dylib @executable_path/../Frameworks/libfmodex.dylib \"$TARGET_BUILD_DIR/$PRODUCT_NAME.app/Contents/MacOS/$PRODUCT_NAME\";\n# Copy GLUT framework (must remove for AppStore submissions)\nrsync -aved ../../../libs/glut/lib/osx/GLUT.framework \"$TARGET_BUILD_DIR/$PRODUCT_NAME.app/Contents/Frameworks/\"\n";
		};
/* End PBXShellScriptBuildPhase section */

/* Begin PBXSourcesBuildPhase section */
		E4B69B580A3A1756003C02F2 /* Sources */ = {
			isa = PBXSourcesBuildPhase;
			buildActionMask = 2147483647;
			files = (
				E4B69E200A3A1BDC003C02F2 /* main.cpp in Sources */,
				E4B69E210A3A1BDC003C02F2 /* ofApp.cpp in Sources */,
				74308738DAC8DED7C088E632 /* MSACoreGL.cpp in Sources */,
				D2D4F5652097391B00DC7CB8 /* particule.cpp in Sources */,
			);
			runOnlyForDeploymentPostprocessing = 0;
		};
/* End PBXSourcesBuildPhase section */

/* Begin PBXTargetDependency section */
		E4EEB9AC138B136A00A80321 /* PBXTargetDependency */ = {
			isa = PBXTargetDependency;
			name = openFrameworks;
			targetProxy = E4EEB9AB138B136A00A80321 /* PBXContainerItemProxy */;
		};
/* End PBXTargetDependency section */

/* Begin XCBuildConfiguration section */
		E4B69B4E0A3A1720003C02F2 /* Debug */ = {
			isa = XCBuildConfiguration;
			baseConfigurationReference = E4EB6923138AFD0F00A09F29 /* Project.xcconfig */;
			buildSettings = {
				CONFIGURATION_BUILD_DIR = "$(SRCROOT)/bin/";
				COPY_PHASE_STRIP = NO;
				DEAD_CODE_STRIPPING = YES;
				GCC_AUTO_VECTORIZATION = YES;
				GCC_ENABLE_SSE3_EXTENSIONS = YES;
				GCC_ENABLE_SUPPLEMENTAL_SSE3_INSTRUCTIONS = YES;
				GCC_INLINES_ARE_PRIVATE_EXTERN = NO;
				GCC_OPTIMIZATION_LEVEL = 0;
				GCC_SYMBOLS_PRIVATE_EXTERN = NO;
				GCC_WARN_ABOUT_DEPRECATED_FUNCTIONS = YES;
				GCC_WARN_ABOUT_INVALID_OFFSETOF_MACRO = NO;
				GCC_WARN_ALLOW_INCOMPLETE_PROTOCOL = NO;
				GCC_WARN_UNINITIALIZED_AUTOS = NO;
				GCC_WARN_UNUSED_VALUE = NO;
				GCC_WARN_UNUSED_VARIABLE = NO;
				HEADER_SEARCH_PATHS = (
					"$(OF_CORE_HEADERS)",
					src,
					"../../../addons/ofxMSACore-master/src",
					"../../../addons/ofxMSAPhysics-master/src",
					"../../../addons/ofxMSAPhysics-master/src/obselete",
				);
				MACOSX_DEPLOYMENT_TARGET = 10.8;
				ONLY_ACTIVE_ARCH = YES;
				OTHER_CPLUSPLUSFLAGS = (
					"-D__MACOSX_CORE__",
					"-mtune=native",
				);
				SDKROOT = macosx;
			};
			name = Debug;
		};
		E4B69B4F0A3A1720003C02F2 /* Release */ = {
			isa = XCBuildConfiguration;
			baseConfigurationReference = E4EB6923138AFD0F00A09F29 /* Project.xcconfig */;
			buildSettings = {
				CONFIGURATION_BUILD_DIR = "$(SRCROOT)/bin/";
				COPY_PHASE_STRIP = YES;
				DEAD_CODE_STRIPPING = YES;
				GCC_AUTO_VECTORIZATION = YES;
				GCC_ENABLE_SSE3_EXTENSIONS = YES;
				GCC_ENABLE_SUPPLEMENTAL_SSE3_INSTRUCTIONS = YES;
				GCC_INLINES_ARE_PRIVATE_EXTERN = NO;
				GCC_OPTIMIZATION_LEVEL = 3;
				GCC_SYMBOLS_PRIVATE_EXTERN = NO;
				GCC_UNROLL_LOOPS = YES;
				GCC_WARN_ABOUT_DEPRECATED_FUNCTIONS = YES;
				GCC_WARN_ABOUT_INVALID_OFFSETOF_MACRO = NO;
				GCC_WARN_ALLOW_INCOMPLETE_PROTOCOL = NO;
				GCC_WARN_UNINITIALIZED_AUTOS = NO;
				GCC_WARN_UNUSED_VALUE = NO;
				GCC_WARN_UNUSED_VARIABLE = NO;
				HEADER_SEARCH_PATHS = (
					"$(OF_CORE_HEADERS)",
					src,
					"../../../addons/ofxMSACore-master/src",
					"../../../addons/ofxMSAPhysics-master/src",
					"../../../addons/ofxMSAPhysics-master/src/obselete",
				);
				MACOSX_DEPLOYMENT_TARGET = 10.8;
				OTHER_CPLUSPLUSFLAGS = (
					"-D__MACOSX_CORE__",
					"-mtune=native",
				);
				SDKROOT = macosx;
			};
			name = Release;
		};
		E4B69B600A3A1757003C02F2 /* Debug */ = {
			isa = XCBuildConfiguration;
			baseConfigurationReference = E4EB6923138AFD0F00A09F29 /* Project.xcconfig */;
			buildSettings = {
				COMBINE_HIDPI_IMAGES = YES;
				COPY_PHASE_STRIP = NO;
				FRAMEWORK_SEARCH_PATHS = (
					"$(inherited)",
					"$(FRAMEWORK_SEARCH_PATHS_QUOTED_FOR_TARGET_1)",
				);
				FRAMEWORK_SEARCH_PATHS_QUOTED_FOR_TARGET_1 = "\"$(SRCROOT)/../../../libs/glut/lib/osx\"";
				GCC_DYNAMIC_NO_PIC = NO;
				GCC_GENERATE_DEBUGGING_SYMBOLS = YES;
				GCC_MODEL_TUNING = NONE;
				HEADER_SEARCH_PATHS = (
					"$(OF_CORE_HEADERS)",
					src,
					"../../../addons/ofxMSACore-master/src",
					"../../../addons/ofxMSAPhysics-master/src",
					"../../../addons/ofxMSAPhysics-master/src/obselete",
				);
				ICON = "$(ICON_NAME_DEBUG)";
				ICON_FILE = "$(ICON_FILE_PATH)$(ICON)";
				INFOPLIST_FILE = "openFrameworks-Info.plist";
				INSTALL_PATH = /Applications;
				LIBRARY_SEARCH_PATHS = "$(inherited)";
				PRODUCT_NAME = "$(TARGET_NAME)Debug";
				WRAPPER_EXTENSION = app;
			};
			name = Debug;
		};
		E4B69B610A3A1757003C02F2 /* Release */ = {
			isa = XCBuildConfiguration;
			baseConfigurationReference = E4EB6923138AFD0F00A09F29 /* Project.xcconfig */;
			buildSettings = {
				COMBINE_HIDPI_IMAGES = YES;
				COPY_PHASE_STRIP = YES;
				FRAMEWORK_SEARCH_PATHS = (
					"$(inherited)",
					"$(FRAMEWORK_SEARCH_PATHS_QUOTED_FOR_TARGET_1)",
				);
				FRAMEWORK_SEARCH_PATHS_QUOTED_FOR_TARGET_1 = "\"$(SRCROOT)/../../../libs/glut/lib/osx\"";
				GCC_GENERATE_DEBUGGING_SYMBOLS = YES;
				GCC_MODEL_TUNING = NONE;
				HEADER_SEARCH_PATHS = (
					"$(OF_CORE_HEADERS)",
					src,
					"../../../addons/ofxMSACore-master/src",
					"../../../addons/ofxMSAPhysics-master/src",
					"../../../addons/ofxMSAPhysics-master/src/obselete",
				);
				ICON = "$(ICON_NAME_RELEASE)";
				ICON_FILE = "$(ICON_FILE_PATH)$(ICON)";
				INFOPLIST_FILE = "openFrameworks-Info.plist";
				INSTALL_PATH = /Applications;
				LIBRARY_SEARCH_PATHS = "$(inherited)";
				PRODUCT_NAME = "$(TARGET_NAME)";
				WRAPPER_EXTENSION = app;
				baseConfigurationReference = E4EB6923138AFD0F00A09F29;
			};
			name = Release;
		};
/* End XCBuildConfiguration section */

/* Begin XCConfigurationList section */
		E4B69B4D0A3A1720003C02F2 /* Build configuration list for PBXProject "motus" */ = {
			isa = XCConfigurationList;
			buildConfigurations = (
				E4B69B4E0A3A1720003C02F2 /* Debug */,
				E4B69B4F0A3A1720003C02F2 /* Release */,
			);
			defaultConfigurationIsVisible = 0;
			defaultConfigurationName = Release;
		};
		E4B69B5F0A3A1757003C02F2 /* Build configuration list for PBXNativeTarget "motus" */ = {
			isa = XCConfigurationList;
			buildConfigurations = (
				E4B69B600A3A1757003C02F2 /* Debug */,
				E4B69B610A3A1757003C02F2 /* Release */,
			);
			defaultConfigurationIsVisible = 0;
			defaultConfigurationName = Release;
		};
/* End XCConfigurationList section */
	};
	rootObject = E4B69B4C0A3A1720003C02F2 /* Project object */;
}
